PODS:
  - MTDMulticastDelegate (1.0.1)
  - SCNRecorder (2.8.1):
    - MTDMulticastDelegate
  - SnapKit (5.0.1)

DEPENDENCIES:
  - SCNRecorder (~> 2.8.1)
  - SnapKit

SPEC REPOS:
  trunk:
    - MTDMulticastDelegate
    - SCNRecorder
    - SnapKit

SPEC CHECKSUMS:
  MTDMulticastDelegate: dcedff914c281710e3faa64b79ff775741f25b4b
  SCNRecorder: dd694ba1c5cd541a58f0794a45d70262109c7024
  SnapKit: 97b92857e3df3a0c71833cce143274bf6ef8e5eb

PODFILE CHECKSUM: 07e13cd9a81038353e067bff0c253b24fa6ffba3

COCOAPODS: 1.15.2
